
Microsoft Visual Studio Solution File, Format Version 12.00
# Visual Studio Version 16
VisualStudioVersion = 16.0.31410.357
MinimumVisualStudioVersion = 10.0.40219.1
Project("{9A19103F-16F7-4668-BE54-9A1E7A4F7556}") = "Identity app", "Identity app.csproj", "{52C565B2-012F-4C7B-B721-FC9B5BE43573}"
EndProject
Global
	GlobalSection(SolutionConfigurationPlatforms) = preSolution
		Debug|Any CPU = Debug|Any CPU
		Release|Any CPU = Release|Any CPU
	EndGlobalSection
	GlobalSection(ProjectConfigurationPlatforms) = postSolution
		{52C565B2-012F-4C7B-B721-FC9B5BE43573}.Debug|Any CPU.ActiveCfg = Debug|Any CPU
		{52C565B2-012F-4C7B-B721-FC9B5BE43573}.Debug|Any CPU.Build.0 = Debug|Any CPU
		{52C565B2-012F-4C7B-B721-FC9B5BE43573}.Release|Any CPU.ActiveCfg = Release|Any CPU
		{52C565B2-012F-4C7B-B721-FC9B5BE43573}.Release|Any CPU.Build.0 = Release|Any CPU
	EndGlobalSection
	GlobalSection(SolutionProperties) = preSolution
		HideSolutionNode = FALSE
	EndGlobalSection
	GlobalSection(ExtensibilityGlobals) = postSolution
		SolutionGuid = {58AAA120-2BD3-42C3-AF06-32DFEFC4FA38}
	EndGlobalSection
EndGlobal
